
Microsoft Visual Studio Solution File, Format Version 12.00
Project("{FAE04EC0-301F-11D3-BF4B-00C04F79EFBC}") = "Lab1", "Lab1\Lab1.csproj", "{11BCD051-41C8-45CC-B414-E6B5A338F1B9}"
EndProject
Project("{FAE04EC0-301F-11D3-BF4B-00C04F79EFBC}") = "Lab2", "Lab2\Lab2.csproj", "{B382D86E-E0C0-4357-8C2B-04D9F7917041}"
EndProject
Project("{FAE04EC0-301F-11D3-BF4B-00C04F79EFBC}") = "Lab3", "Lab3\Lab3.csproj", "{7BD0832D-01CE-413A-B28F-8D2B3D302EF6}"
EndProject
Project("{FAE04EC0-301F-11D3-BF4B-00C04F79EFBC}") = "Lab4", "Lab4\Lab4.csproj", "{70726ACA-4206-4AE2-90F9-8D37B8D687BA}"
EndProject
Project("{FAE04EC0-301F-11D3-BF4B-00C04F79EFBC}") = "Lab8", "Lab8\Lab8.csproj", "{174DFAD0-11B0-4ECF-9120-6743021F3474}"
EndProject
Global
	GlobalSection(SolutionConfigurationPlatforms) = preSolution
		Debug|Any CPU = Debug|Any CPU
		Release|Any CPU = Release|Any CPU
	EndGlobalSection
	GlobalSection(ProjectConfigurationPlatforms) = postSolution
		{11BCD051-41C8-45CC-B414-E6B5A338F1B9}.Debug|Any CPU.ActiveCfg = Debug|Any CPU
		{11BCD051-41C8-45CC-B414-E6B5A338F1B9}.Debug|Any CPU.Build.0 = Debug|Any CPU
		{11BCD051-41C8-45CC-B414-E6B5A338F1B9}.Release|Any CPU.ActiveCfg = Release|Any CPU
		{11BCD051-41C8-45CC-B414-E6B5A338F1B9}.Release|Any CPU.Build.0 = Release|Any CPU
		{B382D86E-E0C0-4357-8C2B-04D9F7917041}.Debug|Any CPU.ActiveCfg = Debug|Any CPU
		{B382D86E-E0C0-4357-8C2B-04D9F7917041}.Debug|Any CPU.Build.0 = Debug|Any CPU
		{B382D86E-E0C0-4357-8C2B-04D9F7917041}.Release|Any CPU.ActiveCfg = Release|Any CPU
		{B382D86E-E0C0-4357-8C2B-04D9F7917041}.Release|Any CPU.Build.0 = Release|Any CPU
		{7BD0832D-01CE-413A-B28F-8D2B3D302EF6}.Debug|Any CPU.ActiveCfg = Debug|Any CPU
		{7BD0832D-01CE-413A-B28F-8D2B3D302EF6}.Debug|Any CPU.Build.0 = Debug|Any CPU
		{7BD0832D-01CE-413A-B28F-8D2B3D302EF6}.Release|Any CPU.ActiveCfg = Release|Any CPU
		{7BD0832D-01CE-413A-B28F-8D2B3D302EF6}.Release|Any CPU.Build.0 = Release|Any CPU
		{70726ACA-4206-4AE2-90F9-8D37B8D687BA}.Debug|Any CPU.ActiveCfg = Debug|Any CPU
		{70726ACA-4206-4AE2-90F9-8D37B8D687BA}.Debug|Any CPU.Build.0 = Debug|Any CPU
		{70726ACA-4206-4AE2-90F9-8D37B8D687BA}.Release|Any CPU.ActiveCfg = Release|Any CPU
		{70726ACA-4206-4AE2-90F9-8D37B8D687BA}.Release|Any CPU.Build.0 = Release|Any CPU
		{174DFAD0-11B0-4ECF-9120-6743021F3474}.Debug|Any CPU.ActiveCfg = Debug|Any CPU
		{174DFAD0-11B0-4ECF-9120-6743021F3474}.Debug|Any CPU.Build.0 = Debug|Any CPU
		{174DFAD0-11B0-4ECF-9120-6743021F3474}.Release|Any CPU.ActiveCfg = Release|Any CPU
		{174DFAD0-11B0-4ECF-9120-6743021F3474}.Release|Any CPU.Build.0 = Release|Any CPU
	EndGlobalSection
EndGlobal
